// !$*UTF8*$!
{
	archiveVersion = 1;
	classes = {
	};
	objectVersion = 46;
	objects = {

/* Begin PBXBuildFile section */
		7F3FC4CB1E70E73000ACFE59 /* main.c in Sources */ = {isa = PBXBuildFile; fileRef = 7F3FC4CA1E70E73000ACFE59 /* main.c */; };
/* End PBXBuildFile section */

/* Begin PBXCopyFilesBuildPhase section */
		7FC370551E64EAB00016488D /* CopyFiles */ = {
			isa = PBXCopyFilesBuildPhase;
			buildActionMask = 2147483647;
			dstPath = /usr/share/man/man1/;
			dstSubfolderSpec = 0;
			files = (
			);
			runOnlyForDeploymentPostprocessing = 1;
		};
/* End PBXCopyFilesBuildPhase section */

/* Begin PBXFileReference section */
		7F15A4CF1E70E18B00BCCBED /* Setup.py */ = {isa = PBXFileReference; explicitFileType = text.script.python; fileEncoding = 4; path = Setup.py; sourceTree = "<group>"; };
		7F15A4D01E70E27C00BCCBED /* THOTH.py */ = {isa = PBXFileReference; explicitFileType = text.script.python; fileEncoding = 4; path = THOTH.py; sourceTree = "<group>"; };
		7F3FC4CA1E70E73000ACFE59 /* main.c */ = {isa = PBXFileReference; explicitFileType = sourcecode.c; fileEncoding = 4; path = main.c; sourceTree = "<group>"; };
		7F3FC4CC1E70E81300ACFE59 /* Python.h */ = {isa = PBXFileReference; fileEncoding = 4; lastKnownFileType = sourcecode.c.h; name = Python.h; path = "../../../../anaconda3/pkgs/python-3.5.2-0/include/python3.5m/Python.h"; sourceTree = SOURCE_ROOT; };
		7FC370571E64EAB00016488D /* THOTH */ = {isa = PBXFileReference; explicitFileType = "compiled.mach-o.executable"; includeInIndex = 0; path = THOTH; sourceTree = BUILT_PRODUCTS_DIR; };
/* End PBXFileReference section */

/* Begin PBXFrameworksBuildPhase section */
		7FC370541E64EAB00016488D /* Frameworks */ = {
			isa = PBXFrameworksBuildPhase;
			buildActionMask = 2147483647;
			files = (
			);
			runOnlyForDeploymentPostprocessing = 0;
		};
/* End PBXFrameworksBuildPhase section */

/* Begin PBXGroup section */
		7FC3704E1E64EAB00016488D = {
			isa = PBXGroup;
			children = (
				7FC370591E64EAB00016488D /* THOTH */,
				7FC370581E64EAB00016488D /* Products */,
			);
			sourceTree = "<group>";
		};
		7FC370581E64EAB00016488D /* Products */ = {
			isa = PBXGroup;
			children = (
				7FC370571E64EAB00016488D /* THOTH */,
			);
			name = Products;
			sourceTree = "<group>";
		};
		7FC370591E64EAB00016488D /* THOTH */ = {
			isa = PBXGroup;
			children = (
				7F3FC4CC1E70E81300ACFE59 /* Python.h */,
				7F15A4CF1E70E18B00BCCBED /* Setup.py */,
				7F15A4D01E70E27C00BCCBED /* THOTH.py */,
				7F3FC4CA1E70E73000ACFE59 /* main.c */,
			);
			path = THOTH;
			sourceTree = "<group>";
		};
/* End PBXGroup section */

/* Begin PBXNativeTarget section */
		7FC370561E64EAB00016488D /* THOTH */ = {
			isa = PBXNativeTarget;
			buildConfigurationList = 7FC3705E1E64EAB00016488D /* Build configuration list for PBXNativeTarget "THOTH" */;
			buildPhases = (
				7FC370531E64EAB00016488D /* Sources */,
				7FC370541E64EAB00016488D /* Frameworks */,
				7FC370551E64EAB00016488D /* CopyFiles */,
			);
			buildRules = (
			);
			dependencies = (
			);
			name = THOTH;
			productName = THOTH;
			productReference = 7FC370571E64EAB00016488D /* THOTH */;
			productType = "com.apple.product-type.tool";
		};
/* End PBXNativeTarget section */

/* Begin PBXProject section */
		7FC3704F1E64EAB00016488D /* Project object */ = {
			isa = PBXProject;
			attributes = {
				LastUpgradeCheck = 0820;
				ORGANIZATIONNAME = "Jesse Sullivan";
				TargetAttributes = {
					7FC370561E64EAB00016488D = {
						CreatedOnToolsVersion = 8.2.1;
						DevelopmentTeam = 8B383HNMT4;
						ProvisioningStyle = Automatic;
					};
				};
			};
			buildConfigurationList = 7FC370521E64EAB00016488D /* Build configuration list for PBXProject "THOTH" */;
			compatibilityVersion = "Xcode 3.2";
			developmentRegion = English;
			hasScannedForEncodings = 0;
			knownRegions = (
				en,
			);
			mainGroup = 7FC3704E1E64EAB00016488D;
			productRefGroup = 7FC370581E64EAB00016488D /* Products */;
			projectDirPath = "";
			projectRoot = "";
			targets = (
				7FC370561E64EAB00016488D /* THOTH */,
			);
		};
/* End PBXProject section */

/* Begin PBXSourcesBuildPhase section */
		7FC370531E64EAB00016488D /* Sources */ = {
			isa = PBXSourcesBuildPhase;
			buildActionMask = 2147483647;
			files = (
				7F3FC4CB1E70E73000ACFE59 /* main.c in Sources */,
			);
			runOnlyForDeploymentPostprocessing = 0;
		};
/* End PBXSourcesBuildPhase section */

/* Begin XCBuildConfiguration section */
		7FC3705C1E64EAB00016488D /* Debug */ = {
			isa = XCBuildConfiguration;
			buildSettings = {
				ALWAYS_SEARCH_USER_PATHS = NO;
				CLANG_ANALYZER_NONNULL = YES;
				CLANG_CXX_LANGUAGE_STANDARD = "gnu++0x";
				CLANG_CXX_LIBRARY = "libc++";
				CLANG_ENABLE_MODULES = YES;
				CLANG_ENABLE_OBJC_ARC = YES;
				CLANG_WARN_BOOL_CONVERSION = YES;
				CLANG_WARN_CONSTANT_CONVERSION = YES;
				CLANG_WARN_DIRECT_OBJC_ISA_USAGE = YES_ERROR;
				CLANG_WARN_DOCUMENTATION_COMMENTS = YES;
				CLANG_WARN_EMPTY_BODY = YES;
				CLANG_WARN_ENUM_CONVERSION = YES;
				CLANG_WARN_INFINITE_RECURSION = YES;
				CLANG_WARN_INT_CONVERSION = YES;
				CLANG_WARN_OBJC_ROOT_CLASS = YES_ERROR;
				CLANG_WARN_SUSPICIOUS_MOVE = YES;
				CLANG_WARN_UNREACHABLE_CODE = YES;
				CLANG_WARN__DUPLICATE_METHOD_MATCH = YES;
				CODE_SIGN_IDENTITY = "-";
				COPY_PHASE_STRIP = NO;
				DEBUG_INFORMATION_FORMAT = dwarf;
				ENABLE_STRICT_OBJC_MSGSEND = YES;
				ENABLE_TESTABILITY = YES;
				GCC_C_LANGUAGE_STANDARD = gnu99;
				GCC_DYNAMIC_NO_PIC = NO;
				GCC_NO_COMMON_BLOCKS = YES;
				GCC_OPTIMIZATION_LEVEL = 0;
				GCC_PREPROCESSOR_DEFINITIONS = (
					"DEBUG=1",
					"$(inherited)",
				);
				GCC_WARN_64_TO_32_BIT_CONVERSION = YES;
				GCC_WARN_ABOUT_RETURN_TYPE = YES_ERROR;
				GCC_WARN_UNDECLARED_SELECTOR = YES;
				GCC_WARN_UNINITIALIZED_AUTOS = YES_AGGRESSIVE;
				GCC_WARN_UNUSED_FUNCTION = YES;
				GCC_WARN_UNUSED_VARIABLE = YES;
				MACOSX_DEPLOYMENT_TARGET = 10.12;
				MTL_ENABLE_DEBUG_INFO = YES;
				ONLY_ACTIVE_ARCH = YES;
				SDKROOT = macosx;
			};
			name = Debug;
		};
		7FC3705D1E64EAB00016488D /* Release */ = {
			isa = XCBuildConfiguration;
			buildSettings = {
				ALWAYS_SEARCH_USER_PATHS = NO;
				CLANG_ANALYZER_NONNULL = YES;
				CLANG_CXX_LANGUAGE_STANDARD = "gnu++0x";
				CLANG_CXX_LIBRARY = "libc++";
				CLANG_ENABLE_MODULES = YES;
				CLANG_ENABLE_OBJC_ARC = YES;
				CLANG_WARN_BOOL_CONVERSION = YES;
				CLANG_WARN_CONSTANT_CONVERSION = YES;
				CLANG_WARN_DIRECT_OBJC_ISA_USAGE = YES_ERROR;
				CLANG_WARN_DOCUMENTATION_COMMENTS = YES;
				CLANG_WARN_EMPTY_BODY = YES;
				CLANG_WARN_ENUM_CONVERSION = YES;
				CLANG_WARN_INFINITE_RECURSION = YES;
				CLANG_WARN_INT_CONVERSION = YES;
				CLANG_WARN_OBJC_ROOT_CLASS = YES_ERROR;
				CLANG_WARN_SUSPICIOUS_MOVE = YES;
				CLANG_WARN_UNREACHABLE_CODE = YES;
				CLANG_WARN__DUPLICATE_METHOD_MATCH = YES;
				CODE_SIGN_IDENTITY = "-";
				COPY_PHASE_STRIP = NO;
				DEBUG_INFORMATION_FORMAT = "dwarf-with-dsym";
				ENABLE_NS_ASSERTIONS = NO;
				ENABLE_STRICT_OBJC_MSGSEND = YES;
				GCC_C_LANGUAGE_STANDARD = gnu99;
				GCC_NO_COMMON_BLOCKS = YES;
				GCC_WARN_64_TO_32_BIT_CONVERSION = YES;
				GCC_WARN_ABOUT_RETURN_TYPE = YES_ERROR;
				GCC_WARN_UNDECLARED_SELECTOR = YES;
				GCC_WARN_UNINITIALIZED_AUTOS = YES_AGGRESSIVE;
				GCC_WARN_UNUSED_FUNCTION = YES;
				GCC_WARN_UNUSED_VARIABLE = YES;
				MACOSX_DEPLOYMENT_TARGET = 10.12;
				MTL_ENABLE_DEBUG_INFO = NO;
				SDKROOT = macosx;
			};
			name = Release;
		};
		7FC3705F1E64EAB00016488D /* Debug */ = {
			isa = XCBuildConfiguration;
			buildSettings = {
				DEVELOPMENT_TEAM = 8B383HNMT4;
				PRODUCT_NAME = "$(TARGET_NAME)";
			};
			name = Debug;
		};
		7FC370601E64EAB00016488D /* Release */ = {
			isa = XCBuildConfiguration;
			buildSettings = {
				DEVELOPMENT_TEAM = 8B383HNMT4;
				PRODUCT_NAME = "$(TARGET_NAME)";
			};
			name = Release;
		};
/* End XCBuildConfiguration section */

/* Begin XCConfigurationList section */
		7FC370521E64EAB00016488D /* Build configuration list for PBXProject "THOTH" */ = {
			isa = XCConfigurationList;
			buildConfigurations = (
				7FC3705C1E64EAB00016488D /* Debug */,
				7FC3705D1E64EAB00016488D /* Release */,
			);
			defaultConfigurationIsVisible = 0;
			defaultConfigurationName = Release;
		};
		7FC3705E1E64EAB00016488D /* Build configuration list for PBXNativeTarget "THOTH" */ = {
			isa = XCConfigurationList;
			buildConfigurations = (
				7FC3705F1E64EAB00016488D /* Debug */,
				7FC370601E64EAB00016488D /* Release */,
			);
			defaultConfigurationIsVisible = 0;
			defaultConfigurationName = Release;
		};
/* End XCConfigurationList section */
	};
	rootObject = 7FC3704F1E64EAB00016488D /* Project object */;
}
